
Microsoft Visual Studio Solution File, Format Version 12.00
# Visual Studio Version 17
VisualStudioVersion = 17.0.31903.59
MinimumVisualStudioVersion = 10.0.40219.1
Project("{2150E333-8FDC-42A3-9474-1A3956D46DE8}") = "src", "src", "{F8E8F130-C511-47EE-ADC9-61427527329D}"
EndProject
Project("{2150E333-8FDC-42A3-9474-1A3956D46DE8}") = "Building blocks", "Building blocks", "{67D3AFFA-4D30-460D-A314-5A6C18FA974D}"
EndProject
Project("{9A19103F-16F7-4668-BE54-9A1E7A4F7556}") = "NSE.Core", "src\Building blocks\Core\NSE.Core.csproj", "{1D2BF63C-AD57-47CB-B980-2226815E8CF3}"
EndProject
Project("{2150E333-8FDC-42A3-9474-1A3956D46DE8}") = "Services", "Services", "{9EA67A99-805A-4307-B624-4C76A8CBCD7B}"
EndProject
Project("{9A19103F-16F7-4668-BE54-9A1E7A4F7556}") = "NSE.Cart.API", "src\Services\Cart\NSE.Cart.API.csproj", "{11E1E6AE-0CA5-4519-973C-25DD92F0476E}"
EndProject
Project("{9A19103F-16F7-4668-BE54-9A1E7A4F7556}") = "NSE.Catalog.API", "src\Services\Catalog\NSE.Catalog.API.csproj", "{02085E7A-D27B-48A8-B405-89E56C7A00BC}"
EndProject
Project("{9A19103F-16F7-4668-BE54-9A1E7A4F7556}") = "NSE.Client.API", "src\Services\Client\NSE.Client.API.csproj", "{DF544C6E-000E-4E64-9E4E-59282F6EC4FB}"
EndProject
Project("{9A19103F-16F7-4668-BE54-9A1E7A4F7556}") = "NSE.Identity.API", "src\Services\Identity\NSE.Identity.API.csproj", "{9FE72224-1968-42B0-BABD-8FFF7A1C9D0F}"
EndProject
Project("{9A19103F-16F7-4668-BE54-9A1E7A4F7556}") = "NSE.Order.API", "src\Services\Order\NSE.Order.API.csproj", "{317F8DC2-F385-477D-B98D-6407109E5633}"
EndProject
Project("{9A19103F-16F7-4668-BE54-9A1E7A4F7556}") = "NSE.Payment.API", "src\Services\Payment\NSE.Payment.API.csproj", "{A0ED9C9B-1805-4265-A966-9E2C4E26DAE0}"
EndProject
Project("{2150E333-8FDC-42A3-9474-1A3956D46DE8}") = "Identity", "Identity", "{49EF7021-BCE5-47BA-B8B7-284F0A24478C}"
EndProject
Project("{2150E333-8FDC-42A3-9474-1A3956D46DE8}") = "Cart", "Cart", "{0734027F-75BE-4785-8DDB-2F39BADC86E4}"
EndProject
Project("{2150E333-8FDC-42A3-9474-1A3956D46DE8}") = "Order", "Order", "{9AD0934B-110A-44D2-9230-8B41404E97B6}"
EndProject
Project("{2150E333-8FDC-42A3-9474-1A3956D46DE8}") = "Client", "Client", "{D7F46214-5180-4FFA-913E-2E96712C09FD}"
EndProject
Project("{2150E333-8FDC-42A3-9474-1A3956D46DE8}") = "Payment", "Payment", "{A1101A92-BD8C-4573-8CD5-F35A7540C35A}"
EndProject
Project("{2150E333-8FDC-42A3-9474-1A3956D46DE8}") = "Catalog", "Catalog", "{FEE954D1-3AB3-477D-A220-D69D12993EF2}"
EndProject
Global
	GlobalSection(SolutionConfigurationPlatforms) = preSolution
		Debug|Any CPU = Debug|Any CPU
		Release|Any CPU = Release|Any CPU
	EndGlobalSection
	GlobalSection(ProjectConfigurationPlatforms) = postSolution
		{1D2BF63C-AD57-47CB-B980-2226815E8CF3}.Debug|Any CPU.ActiveCfg = Debug|Any CPU
		{1D2BF63C-AD57-47CB-B980-2226815E8CF3}.Debug|Any CPU.Build.0 = Debug|Any CPU
		{1D2BF63C-AD57-47CB-B980-2226815E8CF3}.Release|Any CPU.ActiveCfg = Release|Any CPU
		{1D2BF63C-AD57-47CB-B980-2226815E8CF3}.Release|Any CPU.Build.0 = Release|Any CPU
		{11E1E6AE-0CA5-4519-973C-25DD92F0476E}.Debug|Any CPU.ActiveCfg = Debug|Any CPU
		{11E1E6AE-0CA5-4519-973C-25DD92F0476E}.Debug|Any CPU.Build.0 = Debug|Any CPU
		{11E1E6AE-0CA5-4519-973C-25DD92F0476E}.Release|Any CPU.ActiveCfg = Release|Any CPU
		{11E1E6AE-0CA5-4519-973C-25DD92F0476E}.Release|Any CPU.Build.0 = Release|Any CPU
		{02085E7A-D27B-48A8-B405-89E56C7A00BC}.Debug|Any CPU.ActiveCfg = Debug|Any CPU
		{02085E7A-D27B-48A8-B405-89E56C7A00BC}.Debug|Any CPU.Build.0 = Debug|Any CPU
		{02085E7A-D27B-48A8-B405-89E56C7A00BC}.Release|Any CPU.ActiveCfg = Release|Any CPU
		{02085E7A-D27B-48A8-B405-89E56C7A00BC}.Release|Any CPU.Build.0 = Release|Any CPU
		{DF544C6E-000E-4E64-9E4E-59282F6EC4FB}.Debug|Any CPU.ActiveCfg = Debug|Any CPU
		{DF544C6E-000E-4E64-9E4E-59282F6EC4FB}.Debug|Any CPU.Build.0 = Debug|Any CPU
		{DF544C6E-000E-4E64-9E4E-59282F6EC4FB}.Release|Any CPU.ActiveCfg = Release|Any CPU
		{DF544C6E-000E-4E64-9E4E-59282F6EC4FB}.Release|Any CPU.Build.0 = Release|Any CPU
		{9FE72224-1968-42B0-BABD-8FFF7A1C9D0F}.Debug|Any CPU.ActiveCfg = Debug|Any CPU
		{9FE72224-1968-42B0-BABD-8FFF7A1C9D0F}.Debug|Any CPU.Build.0 = Debug|Any CPU
		{9FE72224-1968-42B0-BABD-8FFF7A1C9D0F}.Release|Any CPU.ActiveCfg = Release|Any CPU
		{9FE72224-1968-42B0-BABD-8FFF7A1C9D0F}.Release|Any CPU.Build.0 = Release|Any CPU
		{317F8DC2-F385-477D-B98D-6407109E5633}.Debug|Any CPU.ActiveCfg = Debug|Any CPU
		{317F8DC2-F385-477D-B98D-6407109E5633}.Debug|Any CPU.Build.0 = Debug|Any CPU
		{317F8DC2-F385-477D-B98D-6407109E5633}.Release|Any CPU.ActiveCfg = Release|Any CPU
		{317F8DC2-F385-477D-B98D-6407109E5633}.Release|Any CPU.Build.0 = Release|Any CPU
		{A0ED9C9B-1805-4265-A966-9E2C4E26DAE0}.Debug|Any CPU.ActiveCfg = Debug|Any CPU
		{A0ED9C9B-1805-4265-A966-9E2C4E26DAE0}.Debug|Any CPU.Build.0 = Debug|Any CPU
		{A0ED9C9B-1805-4265-A966-9E2C4E26DAE0}.Release|Any CPU.ActiveCfg = Release|Any CPU
		{A0ED9C9B-1805-4265-A966-9E2C4E26DAE0}.Release|Any CPU.Build.0 = Release|Any CPU
	EndGlobalSection
	GlobalSection(SolutionProperties) = preSolution
		HideSolutionNode = FALSE
	EndGlobalSection
	GlobalSection(NestedProjects) = preSolution
		{67D3AFFA-4D30-460D-A314-5A6C18FA974D} = {F8E8F130-C511-47EE-ADC9-61427527329D}
		{1D2BF63C-AD57-47CB-B980-2226815E8CF3} = {67D3AFFA-4D30-460D-A314-5A6C18FA974D}
		{9EA67A99-805A-4307-B624-4C76A8CBCD7B} = {F8E8F130-C511-47EE-ADC9-61427527329D}
		{11E1E6AE-0CA5-4519-973C-25DD92F0476E} = {0734027F-75BE-4785-8DDB-2F39BADC86E4}
		{02085E7A-D27B-48A8-B405-89E56C7A00BC} = {FEE954D1-3AB3-477D-A220-D69D12993EF2}
		{DF544C6E-000E-4E64-9E4E-59282F6EC4FB} = {D7F46214-5180-4FFA-913E-2E96712C09FD}
		{9FE72224-1968-42B0-BABD-8FFF7A1C9D0F} = {49EF7021-BCE5-47BA-B8B7-284F0A24478C}
		{317F8DC2-F385-477D-B98D-6407109E5633} = {9AD0934B-110A-44D2-9230-8B41404E97B6}
		{A0ED9C9B-1805-4265-A966-9E2C4E26DAE0} = {A1101A92-BD8C-4573-8CD5-F35A7540C35A}
		{49EF7021-BCE5-47BA-B8B7-284F0A24478C} = {9EA67A99-805A-4307-B624-4C76A8CBCD7B}
		{0734027F-75BE-4785-8DDB-2F39BADC86E4} = {9EA67A99-805A-4307-B624-4C76A8CBCD7B}
		{9AD0934B-110A-44D2-9230-8B41404E97B6} = {9EA67A99-805A-4307-B624-4C76A8CBCD7B}
		{D7F46214-5180-4FFA-913E-2E96712C09FD} = {9EA67A99-805A-4307-B624-4C76A8CBCD7B}
		{A1101A92-BD8C-4573-8CD5-F35A7540C35A} = {9EA67A99-805A-4307-B624-4C76A8CBCD7B}
		{FEE954D1-3AB3-477D-A220-D69D12993EF2} = {9EA67A99-805A-4307-B624-4C76A8CBCD7B}
	EndGlobalSection
	GlobalSection(ExtensibilityGlobals) = postSolution
		SolutionGuid = {0193181A-941E-4A9C-9AF2-11BD7EA89504}
	EndGlobalSection
EndGlobal
